// !$*UTF8*$!
{
	archiveVersion = 1;
	classes = {
	};
	objectVersion = 56;
	objects = {

/* Begin PBXBuildFile section */
		F51C732F2B1E39AA00C033CC /* ButtonType.swift in Sources */ = {isa = PBXBuildFile; fileRef = F51C732E2B1E39AA00C033CC /* ButtonType.swift */; };
		F51C73302B1E3BD900C033CC /* ButtonType.swift in Sources */ = {isa = PBXBuildFile; fileRef = F51C732E2B1E39AA00C033CC /* ButtonType.swift */; };
		F51C73322B1EC9DC00C033CC /* Character.swift in Sources */ = {isa = PBXBuildFile; fileRef = F51C73312B1EC9DC00C033CC /* Character.swift */; };
		F51C73332B1EC9DC00C033CC /* Character.swift in Sources */ = {isa = PBXBuildFile; fileRef = F51C73312B1EC9DC00C033CC /* Character.swift */; };
		F552005E2B28709E006B264D /* TextInputProxy.swift in Sources */ = {isa = PBXBuildFile; fileRef = F552005D2B28709E006B264D /* TextInputProxy.swift */; };
		F552005F2B28709E006B264D /* TextInputProxy.swift in Sources */ = {isa = PBXBuildFile; fileRef = F552005D2B28709E006B264D /* TextInputProxy.swift */; };
		F55200602B287969006B264D /* KeyboardController.swift in Sources */ = {isa = PBXBuildFile; fileRef = F5E154232B1702C60053571C /* KeyboardController.swift */; };
		F55200612B28796A006B264D /* KeyboardController.swift in Sources */ = {isa = PBXBuildFile; fileRef = F5E154232B1702C60053571C /* KeyboardController.swift */; };
		F595F7732D8E7010009609E2 /* Inject in Frameworks */ = {isa = PBXBuildFile; productRef = F595F7722D8E7010009609E2 /* Inject */; };
		F595F7752D8E780C009609E2 /* Inject in Frameworks */ = {isa = PBXBuildFile; productRef = F595F7742D8E780C009609E2 /* Inject */; };
		F5E536B52B1F9434000849E4 /* KeyboardAction.swift in Sources */ = {isa = PBXBuildFile; fileRef = F5E536B42B1F9434000849E4 /* KeyboardAction.swift */; };
		F5E536B62B1F9434000849E4 /* KeyboardAction.swift in Sources */ = {isa = PBXBuildFile; fileRef = F5E536B42B1F9434000849E4 /* KeyboardAction.swift */; };
		F5E536B92B1F97AE000849E4 /* String+Characters.swift in Sources */ = {isa = PBXBuildFile; fileRef = F5E536B82B1F97AE000849E4 /* String+Characters.swift */; };
		F5E536BA2B1F97AE000849E4 /* String+Characters.swift in Sources */ = {isa = PBXBuildFile; fileRef = F5E536B82B1F97AE000849E4 /* String+Characters.swift */; };
		F5E536BC2B1F9922000849E4 /* Gestures.swift in Sources */ = {isa = PBXBuildFile; fileRef = F5E536BB2B1F9922000849E4 /* Gestures.swift */; };
		F5E536BD2B1F9922000849E4 /* Gestures.swift in Sources */ = {isa = PBXBuildFile; fileRef = F5E536BB2B1F9922000849E4 /* Gestures.swift */; };
		F5E536C42B1F9C5B000849E4 /* KeyboardContext.swift in Sources */ = {isa = PBXBuildFile; fileRef = F5E536C32B1F9C5B000849E4 /* KeyboardContext.swift */; };
		F5E536C52B1F9C5B000849E4 /* KeyboardContext.swift in Sources */ = {isa = PBXBuildFile; fileRef = F5E536C32B1F9C5B000849E4 /* KeyboardContext.swift */; };
		F5F253AB2B1060F80088932E /* SmartKeyboardApp.swift in Sources */ = {isa = PBXBuildFile; fileRef = F5F253AA2B1060F80088932E /* SmartKeyboardApp.swift */; };
		F5F253AD2B1060F80088932E /* ContentView.swift in Sources */ = {isa = PBXBuildFile; fileRef = F5F253AC2B1060F80088932E /* ContentView.swift */; };
		F5F253B22B1060FA0088932E /* Preview Assets.xcassets in Resources */ = {isa = PBXBuildFile; fileRef = F5F253B12B1060FA0088932E /* Preview Assets.xcassets */; };
		F5F253BF2B1061D60088932E /* KeyboardViewController.swift in Sources */ = {isa = PBXBuildFile; fileRef = F5F253BE2B1061D60088932E /* KeyboardViewController.swift */; };
		F5F253C32B1061D60088932E /* SmartKeys.appex in Embed Foundation Extensions */ = {isa = PBXBuildFile; fileRef = F5F253BC2B1061D60088932E /* SmartKeys.appex */; settings = {ATTRIBUTES = (RemoveHeadersOnCopy, ); }; };
		F5F253CC2B10684B0088932E /* MyCustomToolbar.swift in Sources */ = {isa = PBXBuildFile; fileRef = F5F253CB2B10684B0088932E /* MyCustomToolbar.swift */; };
		F5F253CD2B10689E0088932E /* MyCustomToolbar.swift in Sources */ = {isa = PBXBuildFile; fileRef = F5F253CB2B10684B0088932E /* MyCustomToolbar.swift */; };
		F5F253E12B1313CC0088932E /* KeysInput.swift in Sources */ = {isa = PBXBuildFile; fileRef = F5F253E02B1313CC0088932E /* KeysInput.swift */; };
		F5F253E22B1473D10088932E /* KeysInput.swift in Sources */ = {isa = PBXBuildFile; fileRef = F5F253E02B1313CC0088932E /* KeysInput.swift */; };
		F5F253F82B15B0850088932E /* ButtonView.swift in Sources */ = {isa = PBXBuildFile; fileRef = F5F253F72B15B0850088932E /* ButtonView.swift */; };
		F5F253F92B15B0AD0088932E /* ButtonView.swift in Sources */ = {isa = PBXBuildFile; fileRef = F5F253F72B15B0850088932E /* ButtonView.swift */; };
		F5F253FA2B15B4BD0088932E /* Assets.xcassets in Resources */ = {isa = PBXBuildFile; fileRef = F5F253AE2B1060FA0088932E /* Assets.xcassets */; };
		F5F253FC2B15B9CB0088932E /* KeyboardView.swift in Sources */ = {isa = PBXBuildFile; fileRef = F5F253FB2B15B9CB0088932E /* KeyboardView.swift */; };
		F5F253FD2B15B9CB0088932E /* KeyboardView.swift in Sources */ = {isa = PBXBuildFile; fileRef = F5F253FB2B15B9CB0088932E /* KeyboardView.swift */; };
		F5F254022B15CBF70088932E /* Assets.xcassets in Resources */ = {isa = PBXBuildFile; fileRef = F5F253AE2B1060FA0088932E /* Assets.xcassets */; };
		F5F254042B15E3BB0088932E /* DemoView.swift in Sources */ = {isa = PBXBuildFile; fileRef = F5F254032B15E3BB0088932E /* DemoView.swift */; };
		F5F254052B15E3BB0088932E /* DemoView.swift in Sources */ = {isa = PBXBuildFile; fileRef = F5F254032B15E3BB0088932E /* DemoView.swift */; };
		F5F2540A2B16484A0088932E /* AnyLayoutExample.swift in Sources */ = {isa = PBXBuildFile; fileRef = F5F254092B16484A0088932E /* AnyLayoutExample.swift */; };
		F5F2540B2B16484A0088932E /* AnyLayoutExample.swift in Sources */ = {isa = PBXBuildFile; fileRef = F5F254092B16484A0088932E /* AnyLayoutExample.swift */; };
/* End PBXBuildFile section */

/* Begin PBXContainerItemProxy section */
		F5F253C12B1061D60088932E /* PBXContainerItemProxy */ = {
			isa = PBXContainerItemProxy;
			containerPortal = F5F2539F2B1060F80088932E /* Project object */;
			proxyType = 1;
			remoteGlobalIDString = F5F253BB2B1061D60088932E;
			remoteInfo = SmartKeys;
		};
/* End PBXContainerItemProxy section */

/* Begin PBXCopyFilesBuildPhase section */
		F5F253C72B1061D60088932E /* Embed Foundation Extensions */ = {
			isa = PBXCopyFilesBuildPhase;
			buildActionMask = 2147483647;
			dstPath = "";
			dstSubfolderSpec = 13;
			files = (
				F5F253C32B1061D60088932E /* SmartKeys.appex in Embed Foundation Extensions */,
			);
			name = "Embed Foundation Extensions";
			runOnlyForDeploymentPostprocessing = 0;
		};
/* End PBXCopyFilesBuildPhase section */

/* Begin PBXFileReference section */
		F51C732E2B1E39AA00C033CC /* ButtonType.swift */ = {isa = PBXFileReference; lastKnownFileType = sourcecode.swift; path = ButtonType.swift; sourceTree = "<group>"; };
		F51C73312B1EC9DC00C033CC /* Character.swift */ = {isa = PBXFileReference; lastKnownFileType = sourcecode.swift; path = Character.swift; sourceTree = "<group>"; };
		F552005D2B28709E006B264D /* TextInputProxy.swift */ = {isa = PBXFileReference; lastKnownFileType = sourcecode.swift; path = TextInputProxy.swift; sourceTree = "<group>"; };
		F5E154232B1702C60053571C /* KeyboardController.swift */ = {isa = PBXFileReference; lastKnownFileType = sourcecode.swift; path = KeyboardController.swift; sourceTree = "<group>"; };
		F5E536B42B1F9434000849E4 /* KeyboardAction.swift */ = {isa = PBXFileReference; lastKnownFileType = sourcecode.swift; path = KeyboardAction.swift; sourceTree = "<group>"; };
		F5E536B82B1F97AE000849E4 /* String+Characters.swift */ = {isa = PBXFileReference; lastKnownFileType = sourcecode.swift; path = "String+Characters.swift"; sourceTree = "<group>"; };
		F5E536BB2B1F9922000849E4 /* Gestures.swift */ = {isa = PBXFileReference; lastKnownFileType = sourcecode.swift; path = Gestures.swift; sourceTree = "<group>"; };
		F5E536C32B1F9C5B000849E4 /* KeyboardContext.swift */ = {isa = PBXFileReference; lastKnownFileType = sourcecode.swift; path = KeyboardContext.swift; sourceTree = "<group>"; };
		F5F253A72B1060F80088932E /* SmartKeyboard.app */ = {isa = PBXFileReference; explicitFileType = wrapper.application; includeInIndex = 0; path = SmartKeyboard.app; sourceTree = BUILT_PRODUCTS_DIR; };
		F5F253AA2B1060F80088932E /* SmartKeyboardApp.swift */ = {isa = PBXFileReference; lastKnownFileType = sourcecode.swift; path = SmartKeyboardApp.swift; sourceTree = "<group>"; };
		F5F253AC2B1060F80088932E /* ContentView.swift */ = {isa = PBXFileReference; lastKnownFileType = sourcecode.swift; path = ContentView.swift; sourceTree = "<group>"; };
		F5F253AE2B1060FA0088932E /* Assets.xcassets */ = {isa = PBXFileReference; lastKnownFileType = folder.assetcatalog; path = Assets.xcassets; sourceTree = "<group>"; };
		F5F253B12B1060FA0088932E /* Preview Assets.xcassets */ = {isa = PBXFileReference; lastKnownFileType = folder.assetcatalog; path = "Preview Assets.xcassets"; sourceTree = "<group>"; };
		F5F253BC2B1061D60088932E /* SmartKeys.appex */ = {isa = PBXFileReference; explicitFileType = "wrapper.app-extension"; includeInIndex = 0; path = SmartKeys.appex; sourceTree = BUILT_PRODUCTS_DIR; };
		F5F253BE2B1061D60088932E /* KeyboardViewController.swift */ = {isa = PBXFileReference; lastKnownFileType = sourcecode.swift; path = KeyboardViewController.swift; sourceTree = "<group>"; };
		F5F253C02B1061D60088932E /* Info.plist */ = {isa = PBXFileReference; lastKnownFileType = text.plist.xml; path = Info.plist; sourceTree = "<group>"; };
		F5F253CB2B10684B0088932E /* MyCustomToolbar.swift */ = {isa = PBXFileReference; lastKnownFileType = sourcecode.swift; path = MyCustomToolbar.swift; sourceTree = "<group>"; };
		F5F253E02B1313CC0088932E /* KeysInput.swift */ = {isa = PBXFileReference; lastKnownFileType = sourcecode.swift; path = KeysInput.swift; sourceTree = "<group>"; };
		F5F253F72B15B0850088932E /* ButtonView.swift */ = {isa = PBXFileReference; lastKnownFileType = sourcecode.swift; path = ButtonView.swift; sourceTree = "<group>"; };
		F5F253FB2B15B9CB0088932E /* KeyboardView.swift */ = {isa = PBXFileReference; lastKnownFileType = sourcecode.swift; path = KeyboardView.swift; sourceTree = "<group>"; };
		F5F254032B15E3BB0088932E /* DemoView.swift */ = {isa = PBXFileReference; lastKnownFileType = sourcecode.swift; path = DemoView.swift; sourceTree = "<group>"; };
		F5F254092B16484A0088932E /* AnyLayoutExample.swift */ = {isa = PBXFileReference; lastKnownFileType = sourcecode.swift; path = AnyLayoutExample.swift; sourceTree = "<group>"; };
/* End PBXFileReference section */

/* Begin PBXFrameworksBuildPhase section */
		F5F253A42B1060F80088932E /* Frameworks */ = {
			isa = PBXFrameworksBuildPhase;
			buildActionMask = 2147483647;
			files = (
				F595F7732D8E7010009609E2 /* Inject in Frameworks */,
			);
			runOnlyForDeploymentPostprocessing = 0;
		};
		F5F253B92B1061D60088932E /* Frameworks */ = {
			isa = PBXFrameworksBuildPhase;
			buildActionMask = 2147483647;
			files = (
				F595F7752D8E780C009609E2 /* Inject in Frameworks */,
			);
			runOnlyForDeploymentPostprocessing = 0;
		};
/* End PBXFrameworksBuildPhase section */

/* Begin PBXGroup section */
		F5F2539E2B1060F80088932E = {
			isa = PBXGroup;
			children = (
				F5F253A92B1060F80088932E /* SmartKeyboard */,
				F5F253BD2B1061D60088932E /* SmartKeys */,
				F5E154232B1702C60053571C /* KeyboardController.swift */,
				F5F253A82B1060F80088932E /* Products */,
			);
			sourceTree = "<group>";
		};
		F5F253A82B1060F80088932E /* Products */ = {
			isa = PBXGroup;
			children = (
				F5F253A72B1060F80088932E /* SmartKeyboard.app */,
				F5F253BC2B1061D60088932E /* SmartKeys.appex */,
			);
			name = Products;
			sourceTree = "<group>";
		};
		F5F253A92B1060F80088932E /* SmartKeyboard */ = {
			isa = PBXGroup;
			children = (
				F5F253AA2B1060F80088932E /* SmartKeyboardApp.swift */,
				F5F253AC2B1060F80088932E /* ContentView.swift */,
				F5F253AE2B1060FA0088932E /* Assets.xcassets */,
				F5F253B02B1060FA0088932E /* Preview Content */,
			);
			path = SmartKeyboard;
			sourceTree = "<group>";
		};
		F5F253B02B1060FA0088932E /* Preview Content */ = {
			isa = PBXGroup;
			children = (
				F5F253B12B1060FA0088932E /* Preview Assets.xcassets */,
			);
			path = "Preview Content";
			sourceTree = "<group>";
		};
		F5F253BD2B1061D60088932E /* SmartKeys */ = {
			isa = PBXGroup;
			children = (
				F5F253BE2B1061D60088932E /* KeyboardViewController.swift */,
				F5E536B42B1F9434000849E4 /* KeyboardAction.swift */,
				F552005D2B28709E006B264D /* TextInputProxy.swift */,
				F5E536BB2B1F9922000849E4 /* Gestures.swift */,
				F5E536B82B1F97AE000849E4 /* String+Characters.swift */,
				F5F253FB2B15B9CB0088932E /* KeyboardView.swift */,
				F51C73312B1EC9DC00C033CC /* Character.swift */,
				F5F253F72B15B0850088932E /* ButtonView.swift */,
				F51C732E2B1E39AA00C033CC /* ButtonType.swift */,
				F5E536C32B1F9C5B000849E4 /* KeyboardContext.swift */,
				F5F253CB2B10684B0088932E /* MyCustomToolbar.swift */,
				F5F253E02B1313CC0088932E /* KeysInput.swift */,
				F5F254092B16484A0088932E /* AnyLayoutExample.swift */,
				F5F254032B15E3BB0088932E /* DemoView.swift */,
				F5F253C02B1061D60088932E /* Info.plist */,
			);
			path = SmartKeys;
			sourceTree = "<group>";
		};
/* End PBXGroup section */

/* Begin PBXNativeTarget section */
		F5F253A62B1060F80088932E /* SmartKeyboard */ = {
			isa = PBXNativeTarget;
			buildConfigurationList = F5F253B52B1060FA0088932E /* Build configuration list for PBXNativeTarget "SmartKeyboard" */;
			buildPhases = (
				F5F253A32B1060F80088932E /* Sources */,
				F5F253A42B1060F80088932E /* Frameworks */,
				F5F253A52B1060F80088932E /* Resources */,
				F5F253C72B1061D60088932E /* Embed Foundation Extensions */,
			);
			buildRules = (
			);
			dependencies = (
				F5F253C22B1061D60088932E /* PBXTargetDependency */,
			);
			name = SmartKeyboard;
			productName = SmartKeyboard;
			productReference = F5F253A72B1060F80088932E /* SmartKeyboard.app */;
			productType = "com.apple.product-type.application";
		};
		F5F253BB2B1061D60088932E /* SmartKeys */ = {
			isa = PBXNativeTarget;
			buildConfigurationList = F5F253C42B1061D60088932E /* Build configuration list for PBXNativeTarget "SmartKeys" */;
			buildPhases = (
				F5F253B82B1061D60088932E /* Sources */,
				F5F253B92B1061D60088932E /* Frameworks */,
				F5F253BA2B1061D60088932E /* Resources */,
			);
			buildRules = (
			);
			dependencies = (
			);
			name = SmartKeys;
			packageProductDependencies = (
				F595F7742D8E780C009609E2 /* Inject */,
			);
			productName = SmartKeys;
			productReference = F5F253BC2B1061D60088932E /* SmartKeys.appex */;
			productType = "com.apple.product-type.app-extension";
		};
/* End PBXNativeTarget section */

/* Begin PBXProject section */
		F5F2539F2B1060F80088932E /* Project object */ = {
			isa = PBXProject;
			attributes = {
				BuildIndependentTargetsInParallel = 1;
				LastSwiftUpdateCheck = 1500;
				LastUpgradeCheck = 1500;
				TargetAttributes = {
					F5F253A62B1060F80088932E = {
						CreatedOnToolsVersion = 15.0.1;
					};
					F5F253BB2B1061D60088932E = {
						CreatedOnToolsVersion = 15.0.1;
					};
				};
			};
			buildConfigurationList = F5F253A22B1060F80088932E /* Build configuration list for PBXProject "SmartKeyboard" */;
			compatibilityVersion = "Xcode 14.0";
			developmentRegion = en;
			hasScannedForEncodings = 0;
			knownRegions = (
				en,
				Base,
			);
			mainGroup = F5F2539E2B1060F80088932E;
			packageReferences = (
				F595F7712D8E6DA8009609E2 /* XCRemoteSwiftPackageReference "Inject" */,
			);
			productRefGroup = F5F253A82B1060F80088932E /* Products */;
			projectDirPath = "";
			projectRoot = "";
			targets = (
				F5F253A62B1060F80088932E /* SmartKeyboard */,
				F5F253BB2B1061D60088932E /* SmartKeys */,
			);
		};
/* End PBXProject section */

/* Begin PBXResourcesBuildPhase section */
		F5F253A52B1060F80088932E /* Resources */ = {
			isa = PBXResourcesBuildPhase;
			buildActionMask = 2147483647;
			files = (
				F5F254022B15CBF70088932E /* Assets.xcassets in Resources */,
				F5F253B22B1060FA0088932E /* Preview Assets.xcassets in Resources */,
			);
			runOnlyForDeploymentPostprocessing = 0;
		};
		F5F253BA2B1061D60088932E /* Resources */ = {
			isa = PBXResourcesBuildPhase;
			buildActionMask = 2147483647;
			files = (
				F5F253FA2B15B4BD0088932E /* Assets.xcassets in Resources */,
			);
			runOnlyForDeploymentPostprocessing = 0;
		};
/* End PBXResourcesBuildPhase section */

/* Begin PBXSourcesBuildPhase section */
		F5F253A32B1060F80088932E /* Sources */ = {
			isa = PBXSourcesBuildPhase;
			buildActionMask = 2147483647;
			files = (
				F5F253AD2B1060F80088932E /* ContentView.swift in Sources */,
				F51C73302B1E3BD900C033CC /* ButtonType.swift in Sources */,
				F5F253AB2B1060F80088932E /* SmartKeyboardApp.swift in Sources */,
				F5F253F92B15B0AD0088932E /* ButtonView.swift in Sources */,
				F5F2540A2B16484A0088932E /* AnyLayoutExample.swift in Sources */,
				F552005E2B28709E006B264D /* TextInputProxy.swift in Sources */,
				F5F253FC2B15B9CB0088932E /* KeyboardView.swift in Sources */,
				F5F253E22B1473D10088932E /* KeysInput.swift in Sources */,
				F55200602B287969006B264D /* KeyboardController.swift in Sources */,
				F51C73322B1EC9DC00C033CC /* Character.swift in Sources */,
				F5E536BC2B1F9922000849E4 /* Gestures.swift in Sources */,
				F5E536B52B1F9434000849E4 /* KeyboardAction.swift in Sources */,
				F5F253CD2B10689E0088932E /* MyCustomToolbar.swift in Sources */,
				F5F254042B15E3BB0088932E /* DemoView.swift in Sources */,
				F5E536B92B1F97AE000849E4 /* String+Characters.swift in Sources */,
				F5E536C42B1F9C5B000849E4 /* KeyboardContext.swift in Sources */,
			);
			runOnlyForDeploymentPostprocessing = 0;
		};
		F5F253B82B1061D60088932E /* Sources */ = {
			isa = PBXSourcesBuildPhase;
			buildActionMask = 2147483647;
			files = (
				F552005F2B28709E006B264D /* TextInputProxy.swift in Sources */,
				F51C732F2B1E39AA00C033CC /* ButtonType.swift in Sources */,
				F5F253E12B1313CC0088932E /* KeysInput.swift in Sources */,
				F5F254052B15E3BB0088932E /* DemoView.swift in Sources */,
				F5F253CC2B10684B0088932E /* MyCustomToolbar.swift in Sources */,
				F5F253F82B15B0850088932E /* ButtonView.swift in Sources */,
				F5F253FD2B15B9CB0088932E /* KeyboardView.swift in Sources */,
				F55200612B28796A006B264D /* KeyboardController.swift in Sources */,
				F51C73332B1EC9DC00C033CC /* Character.swift in Sources */,
				F5E536BA2B1F97AE000849E4 /* String+Characters.swift in Sources */,
				F5E536B62B1F9434000849E4 /* KeyboardAction.swift in Sources */,
				F5E536BD2B1F9922000849E4 /* Gestures.swift in Sources */,
				F5F2540B2B16484A0088932E /* AnyLayoutExample.swift in Sources */,
				F5E536C52B1F9C5B000849E4 /* KeyboardContext.swift in Sources */,
				F5F253BF2B1061D60088932E /* KeyboardViewController.swift in Sources */,
			);
			runOnlyForDeploymentPostprocessing = 0;
		};
/* End PBXSourcesBuildPhase section */

/* Begin PBXTargetDependency section */
		F5F253C22B1061D60088932E /* PBXTargetDependency */ = {
			isa = PBXTargetDependency;
			target = F5F253BB2B1061D60088932E /* SmartKeys */;
			targetProxy = F5F253C12B1061D60088932E /* PBXContainerItemProxy */;
		};
/* End PBXTargetDependency section */

/* Begin XCBuildConfiguration section */
		F5F253B32B1060FA0088932E /* Debug */ = {
			isa = XCBuildConfiguration;
			buildSettings = {
				ALWAYS_SEARCH_USER_PATHS = NO;
				ASSETCATALOG_COMPILER_GENERATE_SWIFT_ASSET_SYMBOL_EXTENSIONS = YES;
				CLANG_ANALYZER_NONNULL = YES;
				CLANG_ANALYZER_NUMBER_OBJECT_CONVERSION = YES_AGGRESSIVE;
				CLANG_CXX_LANGUAGE_STANDARD = "gnu++20";
				CLANG_ENABLE_MODULES = YES;
				CLANG_ENABLE_OBJC_ARC = YES;
				CLANG_ENABLE_OBJC_WEAK = YES;
				CLANG_WARN_BLOCK_CAPTURE_AUTORELEASING = YES;
				CLANG_WARN_BOOL_CONVERSION = YES;
				CLANG_WARN_COMMA = YES;
				CLANG_WARN_CONSTANT_CONVERSION = YES;
				CLANG_WARN_DEPRECATED_OBJC_IMPLEMENTATIONS = YES;
				CLANG_WARN_DIRECT_OBJC_ISA_USAGE = YES_ERROR;
				CLANG_WARN_DOCUMENTATION_COMMENTS = YES;
				CLANG_WARN_EMPTY_BODY = YES;
				CLANG_WARN_ENUM_CONVERSION = YES;
				CLANG_WARN_INFINITE_RECURSION = YES;
				CLANG_WARN_INT_CONVERSION = YES;
				CLANG_WARN_NON_LITERAL_NULL_CONVERSION = YES;
				CLANG_WARN_OBJC_IMPLICIT_RETAIN_SELF = YES;
				CLANG_WARN_OBJC_LITERAL_CONVERSION = YES;
				CLANG_WARN_OBJC_ROOT_CLASS = YES_ERROR;
				CLANG_WARN_QUOTED_INCLUDE_IN_FRAMEWORK_HEADER = YES;
				CLANG_WARN_RANGE_LOOP_ANALYSIS = YES;
				CLANG_WARN_STRICT_PROTOTYPES = YES;
				CLANG_WARN_SUSPICIOUS_MOVE = YES;
				CLANG_WARN_UNGUARDED_AVAILABILITY = YES_AGGRESSIVE;
				CLANG_WARN_UNREACHABLE_CODE = YES;
				CLANG_WARN__DUPLICATE_METHOD_MATCH = YES;
				COPY_PHASE_STRIP = NO;
				DEBUG_INFORMATION_FORMAT = dwarf;
				ENABLE_STRICT_OBJC_MSGSEND = YES;
				ENABLE_TESTABILITY = YES;
				ENABLE_USER_SCRIPT_SANDBOXING = YES;
				GCC_C_LANGUAGE_STANDARD = gnu17;
				GCC_DYNAMIC_NO_PIC = NO;
				GCC_NO_COMMON_BLOCKS = YES;
				GCC_OPTIMIZATION_LEVEL = 0;
				GCC_PREPROCESSOR_DEFINITIONS = (
					"DEBUG=1",
					"$(inherited)",
				);
				GCC_WARN_64_TO_32_BIT_CONVERSION = YES;
				GCC_WARN_ABOUT_RETURN_TYPE = YES_ERROR;
				GCC_WARN_UNDECLARED_SELECTOR = YES;
				GCC_WARN_UNINITIALIZED_AUTOS = YES_AGGRESSIVE;
				GCC_WARN_UNUSED_FUNCTION = YES;
				GCC_WARN_UNUSED_VARIABLE = YES;
				IPHONEOS_DEPLOYMENT_TARGET = 18.0;
				LOCALIZATION_PREFERS_STRING_CATALOGS = YES;
				MTL_ENABLE_DEBUG_INFO = INCLUDE_SOURCE;
				MTL_FAST_MATH = YES;
				ONLY_ACTIVE_ARCH = YES;
				SDKROOT = iphoneos;
				SWIFT_ACTIVE_COMPILATION_CONDITIONS = "DEBUG $(inherited)";
				SWIFT_OPTIMIZATION_LEVEL = "-Onone";
			};
			name = Debug;
		};
		F5F253B42B1060FA0088932E /* Release */ = {
			isa = XCBuildConfiguration;
			buildSettings = {
				ALWAYS_SEARCH_USER_PATHS = NO;
				ASSETCATALOG_COMPILER_GENERATE_SWIFT_ASSET_SYMBOL_EXTENSIONS = YES;
				CLANG_ANALYZER_NONNULL = YES;
				CLANG_ANALYZER_NUMBER_OBJECT_CONVERSION = YES_AGGRESSIVE;
				CLANG_CXX_LANGUAGE_STANDARD = "gnu++20";
				CLANG_ENABLE_MODULES = YES;
				CLANG_ENABLE_OBJC_ARC = YES;
				CLANG_ENABLE_OBJC_WEAK = YES;
				CLANG_WARN_BLOCK_CAPTURE_AUTORELEASING = YES;
				CLANG_WARN_BOOL_CONVERSION = YES;
				CLANG_WARN_COMMA = YES;
				CLANG_WARN_CONSTANT_CONVERSION = YES;
				CLANG_WARN_DEPRECATED_OBJC_IMPLEMENTATIONS = YES;
				CLANG_WARN_DIRECT_OBJC_ISA_USAGE = YES_ERROR;
				CLANG_WARN_DOCUMENTATION_COMMENTS = YES;
				CLANG_WARN_EMPTY_BODY = YES;
				CLANG_WARN_ENUM_CONVERSION = YES;
				CLANG_WARN_INFINITE_RECURSION = YES;
				CLANG_WARN_INT_CONVERSION = YES;
				CLANG_WARN_NON_LITERAL_NULL_CONVERSION = YES;
				CLANG_WARN_OBJC_IMPLICIT_RETAIN_SELF = YES;
				CLANG_WARN_OBJC_LITERAL_CONVERSION = YES;
				CLANG_WARN_OBJC_ROOT_CLASS = YES_ERROR;
				CLANG_WARN_QUOTED_INCLUDE_IN_FRAMEWORK_HEADER = YES;
				CLANG_WARN_RANGE_LOOP_ANALYSIS = YES;
				CLANG_WARN_STRICT_PROTOTYPES = YES;
				CLANG_WARN_SUSPICIOUS_MOVE = YES;
				CLANG_WARN_UNGUARDED_AVAILABILITY = YES_AGGRESSIVE;
				CLANG_WARN_UNREACHABLE_CODE = YES;
				CLANG_WARN__DUPLICATE_METHOD_MATCH = YES;
				COPY_PHASE_STRIP = NO;
				DEBUG_INFORMATION_FORMAT = "dwarf-with-dsym";
				ENABLE_NS_ASSERTIONS = NO;
				ENABLE_STRICT_OBJC_MSGSEND = YES;
				ENABLE_USER_SCRIPT_SANDBOXING = YES;
				GCC_C_LANGUAGE_STANDARD = gnu17;
				GCC_NO_COMMON_BLOCKS = YES;
				GCC_WARN_64_TO_32_BIT_CONVERSION = YES;
				GCC_WARN_ABOUT_RETURN_TYPE = YES_ERROR;
				GCC_WARN_UNDECLARED_SELECTOR = YES;
				GCC_WARN_UNINITIALIZED_AUTOS = YES_AGGRESSIVE;
				GCC_WARN_UNUSED_FUNCTION = YES;
				GCC_WARN_UNUSED_VARIABLE = YES;
				IPHONEOS_DEPLOYMENT_TARGET = 18.0;
				LOCALIZATION_PREFERS_STRING_CATALOGS = YES;
				MTL_ENABLE_DEBUG_INFO = NO;
				MTL_FAST_MATH = YES;
				SDKROOT = iphoneos;
				SWIFT_COMPILATION_MODE = wholemodule;
				VALIDATE_PRODUCT = YES;
			};
			name = Release;
		};
		F5F253B62B1060FA0088932E /* Debug */ = {
			isa = XCBuildConfiguration;
			buildSettings = {
				ALWAYS_EMBED_SWIFT_STANDARD_LIBRARIES = YES;
				ASSETCATALOG_COMPILER_APPICON_NAME = AppIcon;
				ASSETCATALOG_COMPILER_GLOBAL_ACCENT_COLOR_NAME = AccentColor;
				CODE_SIGN_STYLE = Automatic;
				CURRENT_PROJECT_VERSION = 1;
				DEVELOPMENT_ASSET_PATHS = "\"SmartKeyboard/Preview Content\"";
				DEVELOPMENT_TEAM = 9B8CU8XHSY;
				ENABLE_PREVIEWS = YES;
				GENERATE_INFOPLIST_FILE = YES;
				INFOPLIST_KEY_UIApplicationSceneManifest_Generation = YES;
				INFOPLIST_KEY_UIApplicationSupportsIndirectInputEvents = YES;
				INFOPLIST_KEY_UILaunchScreen_Generation = YES;
				INFOPLIST_KEY_UISupportedInterfaceOrientations_iPad = "UIInterfaceOrientationPortrait UIInterfaceOrientationPortraitUpsideDown UIInterfaceOrientationLandscapeLeft UIInterfaceOrientationLandscapeRight";
				INFOPLIST_KEY_UISupportedInterfaceOrientations_iPhone = "UIInterfaceOrientationPortrait UIInterfaceOrientationLandscapeLeft UIInterfaceOrientationLandscapeRight";
				LD_RUNPATH_SEARCH_PATHS = (
					"$(inherited)",
					"@executable_path/Frameworks",
				);
				MARKETING_VERSION = 1.0;
				"OTHER_LDFLAGS[arch=*]" = (
					"-Xlinker",
					"-interposable",
				);
				PRODUCT_BUNDLE_IDENTIFIER = com.zeemoni.SmartKeyboard;
				PRODUCT_NAME = "$(TARGET_NAME)";
				SWIFT_EMIT_LOC_STRINGS = YES;
				SWIFT_VERSION = 5.0;
				TARGETED_DEVICE_FAMILY = "1,2";
			};
			name = Debug;
		};
		F5F253B72B1060FA0088932E /* Release */ = {
			isa = XCBuildConfiguration;
			buildSettings = {
				ALWAYS_EMBED_SWIFT_STANDARD_LIBRARIES = YES;
				ASSETCATALOG_COMPILER_APPICON_NAME = AppIcon;
				ASSETCATALOG_COMPILER_GLOBAL_ACCENT_COLOR_NAME = AccentColor;
				CODE_SIGN_STYLE = Automatic;
				CURRENT_PROJECT_VERSION = 1;
				DEVELOPMENT_ASSET_PATHS = "\"SmartKeyboard/Preview Content\"";
				DEVELOPMENT_TEAM = 9B8CU8XHSY;
				ENABLE_PREVIEWS = YES;
				GENERATE_INFOPLIST_FILE = YES;
				INFOPLIST_KEY_UIApplicationSceneManifest_Generation = YES;
				INFOPLIST_KEY_UIApplicationSupportsIndirectInputEvents = YES;
				INFOPLIST_KEY_UILaunchScreen_Generation = YES;
				INFOPLIST_KEY_UISupportedInterfaceOrientations_iPad = "UIInterfaceOrientationPortrait UIInterfaceOrientationPortraitUpsideDown UIInterfaceOrientationLandscapeLeft UIInterfaceOrientationLandscapeRight";
				INFOPLIST_KEY_UISupportedInterfaceOrientations_iPhone = "UIInterfaceOrientationPortrait UIInterfaceOrientationLandscapeLeft UIInterfaceOrientationLandscapeRight";
				LD_RUNPATH_SEARCH_PATHS = (
					"$(inherited)",
					"@executable_path/Frameworks",
				);
				MARKETING_VERSION = 1.0;
				PRODUCT_BUNDLE_IDENTIFIER = com.zeemoni.SmartKeyboard;
				PRODUCT_NAME = "$(TARGET_NAME)";
				SWIFT_EMIT_LOC_STRINGS = YES;
				SWIFT_VERSION = 5.0;
				TARGETED_DEVICE_FAMILY = "1,2";
			};
			name = Release;
		};
		F5F253C52B1061D60088932E /* Debug */ = {
			isa = XCBuildConfiguration;
			buildSettings = {
				CODE_SIGN_STYLE = Automatic;
				CURRENT_PROJECT_VERSION = 1;
				DEVELOPMENT_TEAM = 9B8CU8XHSY;
				GENERATE_INFOPLIST_FILE = YES;
				INFOPLIST_FILE = SmartKeys/Info.plist;
				INFOPLIST_KEY_CFBundleDisplayName = SmartKeys;
				INFOPLIST_KEY_NSHumanReadableCopyright = "";
				LD_RUNPATH_SEARCH_PATHS = (
					"$(inherited)",
					"@executable_path/Frameworks",
					"@executable_path/../../Frameworks",
				);
				MARKETING_VERSION = 1.0;
				"OTHER_LDFLAGS[arch=*]" = (
					"-Xlinker",
					"-interposable",
				);
				PRODUCT_BUNDLE_IDENTIFIER = com.zeemoni.SmartKeyboard.SmartKeys;
				PRODUCT_NAME = "$(TARGET_NAME)";
				SKIP_INSTALL = YES;
				SWIFT_EMIT_LOC_STRINGS = YES;
				SWIFT_VERSION = 5.0;
				TARGETED_DEVICE_FAMILY = "1,2";
			};
			name = Debug;
		};
		F5F253C62B1061D60088932E /* Release */ = {
			isa = XCBuildConfiguration;
			buildSettings = {
				CODE_SIGN_STYLE = Automatic;
				CURRENT_PROJECT_VERSION = 1;
				DEVELOPMENT_TEAM = 9B8CU8XHSY;
				GENERATE_INFOPLIST_FILE = YES;
				INFOPLIST_FILE = SmartKeys/Info.plist;
				INFOPLIST_KEY_CFBundleDisplayName = SmartKeys;
				INFOPLIST_KEY_NSHumanReadableCopyright = "";
				LD_RUNPATH_SEARCH_PATHS = (
					"$(inherited)",
					"@executable_path/Frameworks",
					"@executable_path/../../Frameworks",
				);
				MARKETING_VERSION = 1.0;
				PRODUCT_BUNDLE_IDENTIFIER = com.zeemoni.SmartKeyboard.SmartKeys;
				PRODUCT_NAME = "$(TARGET_NAME)";
				SKIP_INSTALL = YES;
				SWIFT_EMIT_LOC_STRINGS = YES;
				SWIFT_VERSION = 5.0;
				TARGETED_DEVICE_FAMILY = "1,2";
			};
			name = Release;
		};
/* End XCBuildConfiguration section */

/* Begin XCConfigurationList section */
		F5F253A22B1060F80088932E /* Build configuration list for PBXProject "SmartKeyboard" */ = {
			isa = XCConfigurationList;
			buildConfigurations = (
				F5F253B32B1060FA0088932E /* Debug */,
				F5F253B42B1060FA0088932E /* Release */,
			);
			defaultConfigurationIsVisible = 0;
			defaultConfigurationName = Release;
		};
		F5F253B52B1060FA0088932E /* Build configuration list for PBXNativeTarget "SmartKeyboard" */ = {
			isa = XCConfigurationList;
			buildConfigurations = (
				F5F253B62B1060FA0088932E /* Debug */,
				F5F253B72B1060FA0088932E /* Release */,
			);
			defaultConfigurationIsVisible = 0;
			defaultConfigurationName = Release;
		};
		F5F253C42B1061D60088932E /* Build configuration list for PBXNativeTarget "SmartKeys" */ = {
			isa = XCConfigurationList;
			buildConfigurations = (
				F5F253C52B1061D60088932E /* Debug */,
				F5F253C62B1061D60088932E /* Release */,
			);
			defaultConfigurationIsVisible = 0;
			defaultConfigurationName = Release;
		};
/* End XCConfigurationList section */

/* Begin XCRemoteSwiftPackageReference section */
		F595F7712D8E6DA8009609E2 /* XCRemoteSwiftPackageReference "Inject" */ = {
			isa = XCRemoteSwiftPackageReference;
			repositoryURL = "https://github.com/krzysztofzablocki/Inject.git";
			requirement = {
				kind = upToNextMajorVersion;
				minimumVersion = 1.5.2;
			};
		};
/* End XCRemoteSwiftPackageReference section */

/* Begin XCSwiftPackageProductDependency section */
		F595F7722D8E7010009609E2 /* Inject */ = {
			isa = XCSwiftPackageProductDependency;
			package = F595F7712D8E6DA8009609E2 /* XCRemoteSwiftPackageReference "Inject" */;
			productName = Inject;
		};
		F595F7742D8E780C009609E2 /* Inject */ = {
			isa = XCSwiftPackageProductDependency;
			package = F595F7712D8E6DA8009609E2 /* XCRemoteSwiftPackageReference "Inject" */;
			productName = Inject;
		};
/* End XCSwiftPackageProductDependency section */
	};
	rootObject = F5F2539F2B1060F80088932E /* Project object */;
}
